
Microsoft Visual Studio Solution File, Format Version 12.00
# Visual Studio 15
VisualStudioVersion = 15.0.27004.2009
MinimumVisualStudioVersion = 10.0.40219.1
Project("{FAE04EC0-301F-11D3-BF4B-00C04F79EFBC}") = "Arrays", "Arrays\Arrays.csproj", "{70322094-6838-49CD-BDDF-BE553EDC0396}"
EndProject
Global
	GlobalSection(SolutionConfigurationPlatforms) = preSolution
		Debug|Any CPU = Debug|Any CPU
		Release|Any CPU = Release|Any CPU
	EndGlobalSection
	GlobalSection(ProjectConfigurationPlatforms) = postSolution
		{70322094-6838-49CD-BDDF-BE553EDC0396}.Debug|Any CPU.ActiveCfg = Debug|Any CPU
		{70322094-6838-49CD-BDDF-BE553EDC0396}.Debug|Any CPU.Build.0 = Debug|Any CPU
		{70322094-6838-49CD-BDDF-BE553EDC0396}.Release|Any CPU.ActiveCfg = Release|Any CPU
		{70322094-6838-49CD-BDDF-BE553EDC0396}.Release|Any CPU.Build.0 = Release|Any CPU
	EndGlobalSection
	GlobalSection(SolutionProperties) = preSolution
		HideSolutionNode = FALSE
	EndGlobalSection
	GlobalSection(ExtensibilityGlobals) = postSolution
		SolutionGuid = {3337F1AC-E926-4ED6-9B24-A41898DF5900}
	EndGlobalSection
EndGlobal
