
Microsoft Visual Studio Solution File, Format Version 12.00
# Visual Studio 15
VisualStudioVersion = 15.0.27004.2009
MinimumVisualStudioVersion = 10.0.40219.1
Project("{FAE04EC0-301F-11D3-BF4B-00C04F79EFBC}") = "TicTacToe", "TicTacToe\TicTacToe.csproj", "{B7C501ED-CABB-4152-BDCC-D0F2132CEBCA}"
EndProject
Global
	GlobalSection(SolutionConfigurationPlatforms) = preSolution
		Debug|Any CPU = Debug|Any CPU
		Release|Any CPU = Release|Any CPU
	EndGlobalSection
	GlobalSection(ProjectConfigurationPlatforms) = postSolution
		{B7C501ED-CABB-4152-BDCC-D0F2132CEBCA}.Debug|Any CPU.ActiveCfg = Debug|Any CPU
		{B7C501ED-CABB-4152-BDCC-D0F2132CEBCA}.Debug|Any CPU.Build.0 = Debug|Any CPU
		{B7C501ED-CABB-4152-BDCC-D0F2132CEBCA}.Release|Any CPU.ActiveCfg = Release|Any CPU
		{B7C501ED-CABB-4152-BDCC-D0F2132CEBCA}.Release|Any CPU.Build.0 = Release|Any CPU
	EndGlobalSection
	GlobalSection(SolutionProperties) = preSolution
		HideSolutionNode = FALSE
	EndGlobalSection
	GlobalSection(ExtensibilityGlobals) = postSolution
		SolutionGuid = {061C315C-4EFE-4FA8-8979-95A9E01F9A50}
	EndGlobalSection
EndGlobal
